// !$*UTF8*$!
{
	archiveVersion = 1;
	classes = {
	};
	objectVersion = 46;
	objects = {

/* Begin PBXBuildFile section */
		3F453A521C4FE885005BF86D /* AppDelegate.swift in Sources */ = {isa = PBXBuildFile; fileRef = 3F453A511C4FE885005BF86D /* AppDelegate.swift */; };
		3F453A541C4FE885005BF86D /* ViewController.swift in Sources */ = {isa = PBXBuildFile; fileRef = 3F453A531C4FE885005BF86D /* ViewController.swift */; };
		3F453A571C4FE885005BF86D /* Main.storyboard in Resources */ = {isa = PBXBuildFile; fileRef = 3F453A551C4FE885005BF86D /* Main.storyboard */; };
		3F453A591C4FE885005BF86D /* Assets.xcassets in Resources */ = {isa = PBXBuildFile; fileRef = 3F453A581C4FE885005BF86D /* Assets.xcassets */; };
		3F453A5C1C4FE885005BF86D /* LaunchScreen.storyboard in Resources */ = {isa = PBXBuildFile; fileRef = 3F453A5A1C4FE885005BF86D /* LaunchScreen.storyboard */; };
		3F453A671C4FE885005BF86D /* CollegeProfileBuilderTests.swift in Sources */ = {isa = PBXBuildFile; fileRef = 3F453A661C4FE885005BF86D /* CollegeProfileBuilderTests.swift */; };
		3F453A721C4FE885005BF86D /* CollegeProfileBuilderUITests.swift in Sources */ = {isa = PBXBuildFile; fileRef = 3F453A711C4FE885005BF86D /* CollegeProfileBuilderUITests.swift */; };
/* End PBXBuildFile section */

/* Begin PBXContainerItemProxy section */
		3F453A631C4FE885005BF86D /* PBXContainerItemProxy */ = {
			isa = PBXContainerItemProxy;
			containerPortal = 3F453A461C4FE885005BF86D /* Project object */;
			proxyType = 1;
			remoteGlobalIDString = 3F453A4D1C4FE885005BF86D;
			remoteInfo = CollegeProfileBuilder;
		};
		3F453A6E1C4FE885005BF86D /* PBXContainerItemProxy */ = {
			isa = PBXContainerItemProxy;
			containerPortal = 3F453A461C4FE885005BF86D /* Project object */;
			proxyType = 1;
			remoteGlobalIDString = 3F453A4D1C4FE885005BF86D;
			remoteInfo = CollegeProfileBuilder;
		};
/* End PBXContainerItemProxy section */

/* Begin PBXFileReference section */
		3F453A4E1C4FE885005BF86D /* CollegeProfileBuilder.app */ = {isa = PBXFileReference; explicitFileType = wrapper.application; includeInIndex = 0; path = CollegeProfileBuilder.app; sourceTree = BUILT_PRODUCTS_DIR; };
		3F453A511C4FE885005BF86D /* AppDelegate.swift */ = {isa = PBXFileReference; lastKnownFileType = sourcecode.swift; path = AppDelegate.swift; sourceTree = "<group>"; };
		3F453A531C4FE885005BF86D /* ViewController.swift */ = {isa = PBXFileReference; lastKnownFileType = sourcecode.swift; path = ViewController.swift; sourceTree = "<group>"; };
		3F453A561C4FE885005BF86D /* Base */ = {isa = PBXFileReference; lastKnownFileType = file.storyboard; name = Base; path = Base.lproj/Main.storyboard; sourceTree = "<group>"; };
		3F453A581C4FE885005BF86D /* Assets.xcassets */ = {isa = PBXFileReference; lastKnownFileType = folder.assetcatalog; path = Assets.xcassets; sourceTree = "<group>"; };
		3F453A5B1C4FE885005BF86D /* Base */ = {isa = PBXFileReference; lastKnownFileType = file.storyboard; name = Base; path = Base.lproj/LaunchScreen.storyboard; sourceTree = "<group>"; };
		3F453A5D1C4FE885005BF86D /* Info.plist */ = {isa = PBXFileReference; lastKnownFileType = text.plist.xml; path = Info.plist; sourceTree = "<group>"; };
		3F453A621C4FE885005BF86D /* CollegeProfileBuilderTests.xctest */ = {isa = PBXFileReference; explicitFileType = wrapper.cfbundle; includeInIndex = 0; path = CollegeProfileBuilderTests.xctest; sourceTree = BUILT_PRODUCTS_DIR; };
		3F453A661C4FE885005BF86D /* CollegeProfileBuilderTests.swift */ = {isa = PBXFileReference; lastKnownFileType = sourcecode.swift; path = CollegeProfileBuilderTests.swift; sourceTree = "<group>"; };
		3F453A681C4FE885005BF86D /* Info.plist */ = {isa = PBXFileReference; lastKnownFileType = text.plist.xml; path = Info.plist; sourceTree = "<group>"; };
		3F453A6D1C4FE885005BF86D /* CollegeProfileBuilderUITests.xctest */ = {isa = PBXFileReference; explicitFileType = wrapper.cfbundle; includeInIndex = 0; path = CollegeProfileBuilderUITests.xctest; sourceTree = BUILT_PRODUCTS_DIR; };
		3F453A711C4FE885005BF86D /* CollegeProfileBuilderUITests.swift */ = {isa = PBXFileReference; lastKnownFileType = sourcecode.swift; path = CollegeProfileBuilderUITests.swift; sourceTree = "<group>"; };
		3F453A731C4FE885005BF86D /* Info.plist */ = {isa = PBXFileReference; lastKnownFileType = text.plist.xml; path = Info.plist; sourceTree = "<group>"; };
/* End PBXFileReference section */

/* Begin PBXFrameworksBuildPhase section */
		3F453A4B1C4FE885005BF86D /* Frameworks */ = {
			isa = PBXFrameworksBuildPhase;
			buildActionMask = 2147483647;
			files = (
			);
			runOnlyForDeploymentPostprocessing = 0;
		};
		3F453A5F1C4FE885005BF86D /* Frameworks */ = {
			isa = PBXFrameworksBuildPhase;
			buildActionMask = 2147483647;
			files = (
			);
			runOnlyForDeploymentPostprocessing = 0;
		};
		3F453A6A1C4FE885005BF86D /* Frameworks */ = {
			isa = PBXFrameworksBuildPhase;
			buildActionMask = 2147483647;
			files = (
			);
			runOnlyForDeploymentPostprocessing = 0;
		};
/* End PBXFrameworksBuildPhase section */

/* Begin PBXGroup section */
		3F453A451C4FE885005BF86D = {
			isa = PBXGroup;
			children = (
				3F453A501C4FE885005BF86D /* CollegeProfileBuilder */,
				3F453A651C4FE885005BF86D /* CollegeProfileBuilderTests */,
				3F453A701C4FE885005BF86D /* CollegeProfileBuilderUITests */,
				3F453A4F1C4FE885005BF86D /* Products */,
			);
			sourceTree = "<group>";
		};
		3F453A4F1C4FE885005BF86D /* Products */ = {
			isa = PBXGroup;
			children = (
				3F453A4E1C4FE885005BF86D /* CollegeProfileBuilder.app */,
				3F453A621C4FE885005BF86D /* CollegeProfileBuilderTests.xctest */,
				3F453A6D1C4FE885005BF86D /* CollegeProfileBuilderUITests.xctest */,
			);
			name = Products;
			sourceTree = "<group>";
		};
		3F453A501C4FE885005BF86D /* CollegeProfileBuilder */ = {
			isa = PBXGroup;
			children = (
				3F453A511C4FE885005BF86D /* AppDelegate.swift */,
				3F453A531C4FE885005BF86D /* ViewController.swift */,
				3F453A551C4FE885005BF86D /* Main.storyboard */,
				3F453A581C4FE885005BF86D /* Assets.xcassets */,
				3F453A5A1C4FE885005BF86D /* LaunchScreen.storyboard */,
				3F453A5D1C4FE885005BF86D /* Info.plist */,
			);
			path = CollegeProfileBuilder;
			sourceTree = "<group>";
		};
		3F453A651C4FE885005BF86D /* CollegeProfileBuilderTests */ = {
			isa = PBXGroup;
			children = (
				3F453A661C4FE885005BF86D /* CollegeProfileBuilderTests.swift */,
				3F453A681C4FE885005BF86D /* Info.plist */,
			);
			path = CollegeProfileBuilderTests;
			sourceTree = "<group>";
		};
		3F453A701C4FE885005BF86D /* CollegeProfileBuilderUITests */ = {
			isa = PBXGroup;
			children = (
				3F453A711C4FE885005BF86D /* CollegeProfileBuilderUITests.swift */,
				3F453A731C4FE885005BF86D /* Info.plist */,
			);
			path = CollegeProfileBuilderUITests;
			sourceTree = "<group>";
		};
/* End PBXGroup section */

/* Begin PBXNativeTarget section */
		3F453A4D1C4FE885005BF86D /* CollegeProfileBuilder */ = {
			isa = PBXNativeTarget;
			buildConfigurationList = 3F453A761C4FE885005BF86D /* Build configuration list for PBXNativeTarget "CollegeProfileBuilder" */;
			buildPhases = (
				3F453A4A1C4FE885005BF86D /* Sources */,
				3F453A4B1C4FE885005BF86D /* Frameworks */,
				3F453A4C1C4FE885005BF86D /* Resources */,
			);
			buildRules = (
			);
			dependencies = (
			);
			name = CollegeProfileBuilder;
			productName = CollegeProfileBuilder;
			productReference = 3F453A4E1C4FE885005BF86D /* CollegeProfileBuilder.app */;
			productType = "com.apple.product-type.application";
		};
		3F453A611C4FE885005BF86D /* CollegeProfileBuilderTests */ = {
			isa = PBXNativeTarget;
			buildConfigurationList = 3F453A791C4FE885005BF86D /* Build configuration list for PBXNativeTarget "CollegeProfileBuilderTests" */;
			buildPhases = (
				3F453A5E1C4FE885005BF86D /* Sources */,
				3F453A5F1C4FE885005BF86D /* Frameworks */,
				3F453A601C4FE885005BF86D /* Resources */,
			);
			buildRules = (
			);
			dependencies = (
				3F453A641C4FE885005BF86D /* PBXTargetDependency */,
			);
			name = CollegeProfileBuilderTests;
			productName = CollegeProfileBuilderTests;
			productReference = 3F453A621C4FE885005BF86D /* CollegeProfileBuilderTests.xctest */;
			productType = "com.apple.product-type.bundle.unit-test";
		};
		3F453A6C1C4FE885005BF86D /* CollegeProfileBuilderUITests */ = {
			isa = PBXNativeTarget;
			buildConfigurationList = 3F453A7C1C4FE885005BF86D /* Build configuration list for PBXNativeTarget "CollegeProfileBuilderUITests" */;
			buildPhases = (
				3F453A691C4FE885005BF86D /* Sources */,
				3F453A6A1C4FE885005BF86D /* Frameworks */,
				3F453A6B1C4FE885005BF86D /* Resources */,
			);
			buildRules = (
			);
			dependencies = (
				3F453A6F1C4FE885005BF86D /* PBXTargetDependency */,
			);
			name = CollegeProfileBuilderUITests;
			productName = CollegeProfileBuilderUITests;
			productReference = 3F453A6D1C4FE885005BF86D /* CollegeProfileBuilderUITests.xctest */;
			productType = "com.apple.product-type.bundle.ui-testing";
		};
/* End PBXNativeTarget section */

/* Begin PBXProject section */
		3F453A461C4FE885005BF86D /* Project object */ = {
			isa = PBXProject;
			attributes = {
				LastSwiftUpdateCheck = 0720;
				LastUpgradeCheck = 0720;
				ORGANIZATIONNAME = "Richie Gurgul";
				TargetAttributes = {
					3F453A4D1C4FE885005BF86D = {
						CreatedOnToolsVersion = 7.2;
						DevelopmentTeam = 3553PD8SS6;
					};
					3F453A611C4FE885005BF86D = {
						CreatedOnToolsVersion = 7.2;
						DevelopmentTeam = 3553PD8SS6;
						TestTargetID = 3F453A4D1C4FE885005BF86D;
					};
					3F453A6C1C4FE885005BF86D = {
						CreatedOnToolsVersion = 7.2;
						DevelopmentTeam = 3553PD8SS6;
						TestTargetID = 3F453A4D1C4FE885005BF86D;
					};
				};
			};
			buildConfigurationList = 3F453A491C4FE885005BF86D /* Build configuration list for PBXProject "CollegeProfileBuilder" */;
			compatibilityVersion = "Xcode 3.2";
			developmentRegion = English;
			hasScannedForEncodings = 0;
			knownRegions = (
				en,
				Base,
			);
			mainGroup = 3F453A451C4FE885005BF86D;
			productRefGroup = 3F453A4F1C4FE885005BF86D /* Products */;
			projectDirPath = "";
			projectRoot = "";
			targets = (
				3F453A4D1C4FE885005BF86D /* CollegeProfileBuilder */,
				3F453A611C4FE885005BF86D /* CollegeProfileBuilderTests */,
				3F453A6C1C4FE885005BF86D /* CollegeProfileBuilderUITests */,
			);
		};
/* End PBXProject section */

/* Begin PBXResourcesBuildPhase section */
		3F453A4C1C4FE885005BF86D /* Resources */ = {
			isa = PBXResourcesBuildPhase;
			buildActionMask = 2147483647;
			files = (
				3F453A5C1C4FE885005BF86D /* LaunchScreen.storyboard in Resources */,
				3F453A591C4FE885005BF86D /* Assets.xcassets in Resources */,
				3F453A571C4FE885005BF86D /* Main.storyboard in Resources */,
			);
			runOnlyForDeploymentPostprocessing = 0;
		};
		3F453A601C4FE885005BF86D /* Resources */ = {
			isa = PBXResourcesBuildPhase;
			buildActionMask = 2147483647;
			files = (
			);
			runOnlyForDeploymentPostprocessing = 0;
		};
		3F453A6B1C4FE885005BF86D /* Resources */ = {
			isa = PBXResourcesBuildPhase;
			buildActionMask = 2147483647;
			files = (
			);
			runOnlyForDeploymentPostprocessing = 0;
		};
/* End PBXResourcesBuildPhase section */

/* Begin PBXSourcesBuildPhase section */
		3F453A4A1C4FE885005BF86D /* Sources */ = {
			isa = PBXSourcesBuildPhase;
			buildActionMask = 2147483647;
			files = (
				3F453A541C4FE885005BF86D /* ViewController.swift in Sources */,
				3F453A521C4FE885005BF86D /* AppDelegate.swift in Sources */,
			);
			runOnlyForDeploymentPostprocessing = 0;
		};
		3F453A5E1C4FE885005BF86D /* Sources */ = {
			isa = PBXSourcesBuildPhase;
			buildActionMask = 2147483647;
			files = (
				3F453A671C4FE885005BF86D /* CollegeProfileBuilderTests.swift in Sources */,
			);
			runOnlyForDeploymentPostprocessing = 0;
		};
		3F453A691C4FE885005BF86D /* Sources */ = {
			isa = PBXSourcesBuildPhase;
			buildActionMask = 2147483647;
			files = (
				3F453A721C4FE885005BF86D /* CollegeProfileBuilderUITests.swift in Sources */,
			);
			runOnlyForDeploymentPostprocessing = 0;
		};
/* End PBXSourcesBuildPhase section */

/* Begin PBXTargetDependency section */
		3F453A641C4FE885005BF86D /* PBXTargetDependency */ = {
			isa = PBXTargetDependency;
			target = 3F453A4D1C4FE885005BF86D /* CollegeProfileBuilder */;
			targetProxy = 3F453A631C4FE885005BF86D /* PBXContainerItemProxy */;
		};
		3F453A6F1C4FE885005BF86D /* PBXTargetDependency */ = {
			isa = PBXTargetDependency;
			target = 3F453A4D1C4FE885005BF86D /* CollegeProfileBuilder */;
			targetProxy = 3F453A6E1C4FE885005BF86D /* PBXContainerItemProxy */;
		};
/* End PBXTargetDependency section */

/* Begin PBXVariantGroup section */
		3F453A551C4FE885005BF86D /* Main.storyboard */ = {
			isa = PBXVariantGroup;
			children = (
				3F453A561C4FE885005BF86D /* Base */,
			);
			name = Main.storyboard;
			sourceTree = "<group>";
		};
		3F453A5A1C4FE885005BF86D /* LaunchScreen.storyboard */ = {
			isa = PBXVariantGroup;
			children = (
				3F453A5B1C4FE885005BF86D /* Base */,
			);
			name = LaunchScreen.storyboard;
			sourceTree = "<group>";
		};
/* End PBXVariantGroup section */

/* Begin XCBuildConfiguration section */
		3F453A741C4FE885005BF86D /* Debug */ = {
			isa = XCBuildConfiguration;
			buildSettings = {
				ALWAYS_SEARCH_USER_PATHS = NO;
				CLANG_CXX_LANGUAGE_STANDARD = "gnu++0x";
				CLANG_CXX_LIBRARY = "libc++";
				CLANG_ENABLE_MODULES = YES;
				CLANG_ENABLE_OBJC_ARC = YES;
				CLANG_WARN_BOOL_CONVERSION = YES;
				CLANG_WARN_CONSTANT_CONVERSION = YES;
				CLANG_WARN_DIRECT_OBJC_ISA_USAGE = YES_ERROR;
				CLANG_WARN_EMPTY_BODY = YES;
				CLANG_WARN_ENUM_CONVERSION = YES;
				CLANG_WARN_INT_CONVERSION = YES;
				CLANG_WARN_OBJC_ROOT_CLASS = YES_ERROR;
				CLANG_WARN_UNREACHABLE_CODE = YES;
				CLANG_WARN__DUPLICATE_METHOD_MATCH = YES;
				"CODE_SIGN_IDENTITY[sdk=iphoneos*]" = "iPhone Developer";
				COPY_PHASE_STRIP = NO;
				DEBUG_INFORMATION_FORMAT = dwarf;
				ENABLE_STRICT_OBJC_MSGSEND = YES;
				ENABLE_TESTABILITY = YES;
				GCC_C_LANGUAGE_STANDARD = gnu99;
				GCC_DYNAMIC_NO_PIC = NO;
				GCC_NO_COMMON_BLOCKS = YES;
				GCC_OPTIMIZATION_LEVEL = 0;
				GCC_PREPROCESSOR_DEFINITIONS = (
					"DEBUG=1",
					"$(inherited)",
				);
				GCC_WARN_64_TO_32_BIT_CONVERSION = YES;
				GCC_WARN_ABOUT_RETURN_TYPE = YES_ERROR;
				GCC_WARN_UNDECLARED_SELECTOR = YES;
				GCC_WARN_UNINITIALIZED_AUTOS = YES_AGGRESSIVE;
				GCC_WARN_UNUSED_FUNCTION = YES;
				GCC_WARN_UNUSED_VARIABLE = YES;
				IPHONEOS_DEPLOYMENT_TARGET = 9.2;
				MTL_ENABLE_DEBUG_INFO = YES;
				ONLY_ACTIVE_ARCH = YES;
				SDKROOT = iphoneos;
				SWIFT_OPTIMIZATION_LEVEL = "-Onone";
				TARGETED_DEVICE_FAMILY = "1,2";
			};
			name = Debug;
		};
		3F453A751C4FE885005BF86D /* Release */ = {
			isa = XCBuildConfiguration;
			buildSettings = {
				ALWAYS_SEARCH_USER_PATHS = NO;
				CLANG_CXX_LANGUAGE_STANDARD = "gnu++0x";
				CLANG_CXX_LIBRARY = "libc++";
				CLANG_ENABLE_MODULES = YES;
				CLANG_ENABLE_OBJC_ARC = YES;
				CLANG_WARN_BOOL_CONVERSION = YES;
				CLANG_WARN_CONSTANT_CONVERSION = YES;
				CLANG_WARN_DIRECT_OBJC_ISA_USAGE = YES_ERROR;
				CLANG_WARN_EMPTY_BODY = YES;
				CLANG_WARN_ENUM_CONVERSION = YES;
				CLANG_WARN_INT_CONVERSION = YES;
				CLANG_WARN_OBJC_ROOT_CLASS = YES_ERROR;
				CLANG_WARN_UNREACHABLE_CODE = YES;
				CLANG_WARN__DUPLICATE_METHOD_MATCH = YES;
				"CODE_SIGN_IDENTITY[sdk=iphoneos*]" = "iPhone Developer";
				COPY_PHASE_STRIP = NO;
				DEBUG_INFORMATION_FORMAT = "dwarf-with-dsym";
				ENABLE_NS_ASSERTIONS = NO;
				ENABLE_STRICT_OBJC_MSGSEND = YES;
				GCC_C_LANGUAGE_STANDARD = gnu99;
				GCC_NO_COMMON_BLOCKS = YES;
				GCC_WARN_64_TO_32_BIT_CONVERSION = YES;
				GCC_WARN_ABOUT_RETURN_TYPE = YES_ERROR;
				GCC_WARN_UNDECLARED_SELECTOR = YES;
				GCC_WARN_UNINITIALIZED_AUTOS = YES_AGGRESSIVE;
				GCC_WARN_UNUSED_FUNCTION = YES;
				GCC_WARN_UNUSED_VARIABLE = YES;
				IPHONEOS_DEPLOYMENT_TARGET = 9.2;
				MTL_ENABLE_DEBUG_INFO = NO;
				SDKROOT = iphoneos;
				TARGETED_DEVICE_FAMILY = "1,2";
				VALIDATE_PRODUCT = YES;
			};
			name = Release;
		};
		3F453A771C4FE885005BF86D /* Debug */ = {
			isa = XCBuildConfiguration;
			buildSettings = {
				ASSETCATALOG_COMPILER_APPICON_NAME = AppIcon;
				INFOPLIST_FILE = CollegeProfileBuilder/Info.plist;
				LD_RUNPATH_SEARCH_PATHS = "$(inherited) @executable_path/Frameworks";
				PRODUCT_BUNDLE_IDENTIFIER = MobileApps.CollegeProfileBuilder;
				PRODUCT_NAME = "$(TARGET_NAME)";
			};
			name = Debug;
		};
		3F453A781C4FE885005BF86D /* Release */ = {
			isa = XCBuildConfiguration;
			buildSettings = {
				ASSETCATALOG_COMPILER_APPICON_NAME = AppIcon;
				INFOPLIST_FILE = CollegeProfileBuilder/Info.plist;
				LD_RUNPATH_SEARCH_PATHS = "$(inherited) @executable_path/Frameworks";
				PRODUCT_BUNDLE_IDENTIFIER = MobileApps.CollegeProfileBuilder;
				PRODUCT_NAME = "$(TARGET_NAME)";
			};
			name = Release;
		};
		3F453A7A1C4FE885005BF86D /* Debug */ = {
			isa = XCBuildConfiguration;
			buildSettings = {
				BUNDLE_LOADER = "$(TEST_HOST)";
				INFOPLIST_FILE = CollegeProfileBuilderTests/Info.plist;
				LD_RUNPATH_SEARCH_PATHS = "$(inherited) @executable_path/Frameworks @loader_path/Frameworks";
				PRODUCT_BUNDLE_IDENTIFIER = MobileApps.CollegeProfileBuilderTests;
				PRODUCT_NAME = "$(TARGET_NAME)";
				TEST_HOST = "$(BUILT_PRODUCTS_DIR)/CollegeProfileBuilder.app/CollegeProfileBuilder";
			};
			name = Debug;
		};
		3F453A7B1C4FE885005BF86D /* Release */ = {
			isa = XCBuildConfiguration;
			buildSettings = {
				BUNDLE_LOADER = "$(TEST_HOST)";
				INFOPLIST_FILE = CollegeProfileBuilderTests/Info.plist;
				LD_RUNPATH_SEARCH_PATHS = "$(inherited) @executable_path/Frameworks @loader_path/Frameworks";
				PRODUCT_BUNDLE_IDENTIFIER = MobileApps.CollegeProfileBuilderTests;
				PRODUCT_NAME = "$(TARGET_NAME)";
				TEST_HOST = "$(BUILT_PRODUCTS_DIR)/CollegeProfileBuilder.app/CollegeProfileBuilder";
			};
			name = Release;
		};
		3F453A7D1C4FE885005BF86D /* Debug */ = {
			isa = XCBuildConfiguration;
			buildSettings = {
				INFOPLIST_FILE = CollegeProfileBuilderUITests/Info.plist;
				LD_RUNPATH_SEARCH_PATHS = "$(inherited) @executable_path/Frameworks @loader_path/Frameworks";
				PRODUCT_BUNDLE_IDENTIFIER = MobileApps.CollegeProfileBuilderUITests;
				PRODUCT_NAME = "$(TARGET_NAME)";
				TEST_TARGET_NAME = CollegeProfileBuilder;
				USES_XCTRUNNER = YES;
			};
			name = Debug;
		};
		3F453A7E1C4FE885005BF86D /* Release */ = {
			isa = XCBuildConfiguration;
			buildSettings = {
				INFOPLIST_FILE = CollegeProfileBuilderUITests/Info.plist;
				LD_RUNPATH_SEARCH_PATHS = "$(inherited) @executable_path/Frameworks @loader_path/Frameworks";
				PRODUCT_BUNDLE_IDENTIFIER = MobileApps.CollegeProfileBuilderUITests;
				PRODUCT_NAME = "$(TARGET_NAME)";
				TEST_TARGET_NAME = CollegeProfileBuilder;
				USES_XCTRUNNER = YES;
			};
			name = Release;
		};
/* End XCBuildConfiguration section */

/* Begin XCConfigurationList section */
		3F453A491C4FE885005BF86D /* Build configuration list for PBXProject "CollegeProfileBuilder" */ = {
			isa = XCConfigurationList;
			buildConfigurations = (
				3F453A741C4FE885005BF86D /* Debug */,
				3F453A751C4FE885005BF86D /* Release */,
			);
			defaultConfigurationIsVisible = 0;
			defaultConfigurationName = Release;
		};
		3F453A761C4FE885005BF86D /* Build configuration list for PBXNativeTarget "CollegeProfileBuilder" */ = {
			isa = XCConfigurationList;
			buildConfigurations = (
				3F453A771C4FE885005BF86D /* Debug */,
				3F453A781C4FE885005BF86D /* Release */,
			);
			defaultConfigurationIsVisible = 0;
		};
		3F453A791C4FE885005BF86D /* Build configuration list for PBXNativeTarget "CollegeProfileBuilderTests" */ = {
			isa = XCConfigurationList;
			buildConfigurations = (
				3F453A7A1C4FE885005BF86D /* Debug */,
				3F453A7B1C4FE885005BF86D /* Release */,
			);
			defaultConfigurationIsVisible = 0;
		};
		3F453A7C1C4FE885005BF86D /* Build configuration list for PBXNativeTarget "CollegeProfileBuilderUITests" */ = {
			isa = XCConfigurationList;
			buildConfigurations = (
				3F453A7D1C4FE885005BF86D /* Debug */,
				3F453A7E1C4FE885005BF86D /* Release */,
			);
			defaultConfigurationIsVisible = 0;
		};
/* End XCConfigurationList section */
	};
	rootObject = 3F453A461C4FE885005BF86D /* Project object */;
}
